lockfileVersion: '6.0'

settings:
  autoInstallPeers: true
  excludeLinksFromLockfile: false

importers:

  .:
    devDependencies:
      '@biomejs/biome':
        specifier: 1.6.4
        version: 1.6.4
      typescript:
        specifier: 5.4.3
        version: 5.4.3

  packages/core:
    dependencies:
      web-vitals:
        specifier: 3.5.2
        version: 3.5.2

  packages/nextjs:
    dependencies:
      next:
        specifier: ^14.0.0
        version: 14.2.0(react-dom@18.2.0)(react@18.2.0)
      react:
        specifier: 18.2.0
        version: 18.2.0
    devDependencies:
      '@types/react':
        specifier: 18.2.72
        version: 18.2.72

packages:

  /@biomejs/biome@1.6.4:
    resolution: {integrity: sha512-3groVd2oWsLC0ZU+XXgHSNbq31lUcOCBkCcA7sAQGBopHcmL+jmmdoWlY3S61zIh+f2mqQTQte1g6PZKb3JJjA==}
    engines: {node: '>=14.21.3'}
    hasBin: true
    requiresBuild: true
    optionalDependencies:
      '@biomejs/cli-darwin-arm64': 1.6.4
      '@biomejs/cli-darwin-x64': 1.6.4
      '@biomejs/cli-linux-arm64': 1.6.4
      '@biomejs/cli-linux-arm64-musl': 1.6.4
      '@biomejs/cli-linux-x64': 1.6.4
      '@biomejs/cli-linux-x64-musl': 1.6.4
      '@biomejs/cli-win32-arm64': 1.6.4
      '@biomejs/cli-win32-x64': 1.6.4
    dev: true

  /@biomejs/cli-darwin-arm64@1.6.4:
    resolution: {integrity: sha512-2WZef8byI9NRzGajGj5RTrroW9BxtfbP9etigW1QGAtwu/6+cLkdPOWRAs7uFtaxBNiKFYA8j/BxV5zeAo5QOQ==}
    engines: {node: '>=14.21.3'}
    cpu: [arm64]
    os: [darwin]
    requiresBuild: true
    dev: true
    optional: true

  /@biomejs/cli-darwin-x64@1.6.4:
    resolution: {integrity: sha512-uo1zgM7jvzcoDpF6dbGizejDLCqNpUIRkCj/oEK0PB0NUw8re/cn1EnxuOLZqDpn+8G75COLQTOx8UQIBBN/Kg==}
    engines: {node: '>=14.21.3'}
    cpu: [x64]
    os: [darwin]
    requiresBuild: true
    dev: true
    optional: true

  /@biomejs/cli-linux-arm64-musl@1.6.4:
    resolution: {integrity: sha512-Hp8Jwt6rjj0wCcYAEN6/cfwrrPLLlGOXZ56Lei4Pt4jy39+UuPeAVFPeclrrCfxyL1wQ2xPrhd/saTHSL6DoJg==}
    engines: {node: '>=14.21.3'}
    cpu: [arm64]
    os: [linux]
    requiresBuild: true
    dev: true
    optional: true

  /@biomejs/cli-linux-arm64@1.6.4:
    resolution: {integrity: sha512-wAOieaMNIpLrxGc2/xNvM//CIZg7ueWy3V5A4T7gDZ3OL/Go27EKE59a+vMKsBCYmTt7jFl4yHz0TUkUbodA/w==}
    engines: {node: '>=14.21.3'}
    cpu: [arm64]
    os: [linux]
    requiresBuild: true
    dev: true
    optional: true

  /@biomejs/cli-linux-x64-musl@1.6.4:
    resolution: {integrity: sha512-wqi0hr8KAx5kBO0B+m5u8QqiYFFBJOSJVSuRqTeGWW+GYLVUtXNidykNqf1JsW6jJDpbkSp2xHKE/bTlVaG2Kg==}
    engines: {node: '>=14.21.3'}
    cpu: [x64]
    os: [linux]
    requiresBuild: true
    dev: true
    optional: true

  /@biomejs/cli-linux-x64@1.6.4:
    resolution: {integrity: sha512-qTWhuIw+/ePvOkjE9Zxf5OqSCYxtAvcTJtVmZT8YQnmY2I62JKNV2m7tf6O5ViKZUOP0mOQ6NgqHKcHH1eT8jw==}
    engines: {node: '>=14.21.3'}
    cpu: [x64]
    os: [linux]
    requiresBuild: true
    dev: true
    optional: true

  /@biomejs/cli-win32-arm64@1.6.4:
    resolution: {integrity: sha512-Wp3FiEeF6v6C5qMfLkHwf4YsoNHr/n0efvoC8jCKO/kX05OXaVExj+1uVQ1eGT7Pvx0XVm/TLprRO0vq/V6UzA==}
    engines: {node: '>=14.21.3'}
    cpu: [arm64]
    os: [win32]
    requiresBuild: true
    dev: true
    optional: true

  /@biomejs/cli-win32-x64@1.6.4:
    resolution: {integrity: sha512-mz183Di5hTSGP7KjNWEhivcP1wnHLGmOxEROvoFsIxMYtDhzJDad4k5gI/1JbmA0xe4n52vsgqo09tBhrMT/Zg==}
    engines: {node: '>=14.21.3'}
    cpu: [x64]
    os: [win32]
    requiresBuild: true
    dev: true
    optional: true

  /@next/env@14.2.0:
    resolution: {integrity: sha512-4+70ELtSbRtYUuyRpAJmKC8NHBW2x1HMje9KO2Xd7IkoyucmV9SjgO+qeWMC0JWkRQXgydv1O7yKOK8nu/rITQ==}
    dev: false

  /@next/swc-darwin-arm64@14.2.0:
    resolution: {integrity: sha512-kHktLlw0AceuDnkVljJ/4lTJagLzDiO3klR1Fzl2APDFZ8r+aTxNaNcPmpp0xLMkgRwwk6sggYeqq0Rz9K4zzA==}
    engines: {node: '>= 10'}
    cpu: [arm64]
    os: [darwin]
    requiresBuild: true
    dev: false
    optional: true

  /@next/swc-darwin-x64@14.2.0:
    resolution: {integrity: sha512-HFSDu7lb1U3RDxXNeKH3NGRR5KyTPBSUTuIOr9jXoAso7i76gNYvnTjbuzGVWt2X5izpH908gmOYWtI7un+JrA==}
    engines: {node: '>= 10'}
    cpu: [x64]
    os: [darwin]
    requiresBuild: true
    dev: false
    optional: true

  /@next/swc-linux-arm64-gnu@14.2.0:
    resolution: {integrity: sha512-iQsoWziO5ZMxDWZ4ZTCAc7hbJ1C9UDj/gATSqTaMjW2bJFwAsvf9UM79AKnljBl73uPZ+V0kH4rvnHTco4Ps2w==}
    engines: {node: '>= 10'}
    cpu: [arm64]
    os: [linux]
    requiresBuild: true
    dev: false
    optional: true

  /@next/swc-linux-arm64-musl@14.2.0:
    resolution: {integrity: sha512-0JOk2uzLUt8fJK5LpsKKZa74zAch7bJjjgJzR9aOMs231AlE4gPYzsSm430ckZitjPGKeH5bgDZjqwqJQKIS2w==}
    engines: {node: '>= 10'}
    cpu: [arm64]
    os: [linux]
    requiresBuild: true
    dev: false
    optional: true

  /@next/swc-linux-x64-gnu@14.2.0:
    resolution: {integrity: sha512-uYHkuTzX0NM6biKNp7hdKTf+BF0iMV254SxO0B8PgrQkxUBKGmk5ysHKB+FYBfdf9xei/t8OIKlXJs9ckD943A==}
    engines: {node: '>= 10'}
    cpu: [x64]
    os: [linux]
    requiresBuild: true
    dev: false
    optional: true

  /@next/swc-linux-x64-musl@14.2.0:
    resolution: {integrity: sha512-paN89nLs2dTBDtfXWty1/NVPit+q6ldwdktixYSVwiiAz647QDCd+EIYqoiS+/rPG3oXs/A7rWcJK9HVqfnMVg==}
    engines: {node: '>= 10'}
    cpu: [x64]
    os: [linux]
    requiresBuild: true
    dev: false
    optional: true

  /@next/swc-win32-arm64-msvc@14.2.0:
    resolution: {integrity: sha512-j1oiidZisnymYjawFqEfeGNcE22ZQ7lGUaa4pGOCVWrWeIDkPSj8zYgS9TzMNlg17Q3wSWCQC/F5uJAhSh7qcA==}
    engines: {node: '>= 10'}
    cpu: [arm64]
    os: [win32]
    requiresBuild: true
    dev: false
    optional: true

  /@next/swc-win32-ia32-msvc@14.2.0:
    resolution: {integrity: sha512-6ff6F4xb+QGD1jhx/dOT9Ot7PQ/GAYekV9ykwEh2EFS/cLTyU4Y3cXkX5cNtNIhpctS5NvyjW9gIksRNErYE0A==}
    engines: {node: '>= 10'}
    cpu: [ia32]
    os: [win32]
    requiresBuild: true
    dev: false
    optional: true

  /@next/swc-win32-x64-msvc@14.2.0:
    resolution: {integrity: sha512-09DbG5vXAxz0eTFSf1uebWD36GF3D5toynRkgo2AlSrxwGZkWtJ1RhmrczRYQ17eD5bdo4FZ0ibiffdq5kc4vg==}
    engines: {node: '>= 10'}
    cpu: [x64]
    os: [win32]
    requiresBuild: true
    dev: false
    optional: true

  /@swc/counter@0.1.3:
    resolution: {integrity: sha512-e2BR4lsJkkRlKZ/qCHPw9ZaSxc0MVUd7gtbtaB7aMvHeJVYe8sOB8DBZkP2DtISHGSku9sCK6T6cnY0CtXrOCQ==}
    dev: false

  /@swc/helpers@0.5.5:
    resolution: {integrity: sha512-KGYxvIOXcceOAbEk4bi/dVLEK9z8sZ0uBB3Il5b1rhfClSpcX0yfRO0KmTkqR2cnQDymwLB+25ZyMzICg/cm/A==}
    dependencies:
      '@swc/counter': 0.1.3
      tslib: 2.6.2
    dev: false

  /@types/prop-types@15.7.12:
    resolution: {integrity: sha512-5zvhXYtRNRluoE/jAp4GVsSduVUzNWKkOZrCDBWYtE7biZywwdC2AcEzg+cSMLFRfVgeAFqpfNabiPjxFddV1Q==}
    dev: true

  /@types/react@18.2.72:
    resolution: {integrity: sha512-/e7GWxGzXQF7OJAua7UAYqYi/4VpXEfbGtmYQcAQwP3SjjjAXfybTf/JK5S+SaetB/ChXl8Y2g1hCsj7jDXxcg==}
    dependencies:
      '@types/prop-types': 15.7.12
      csstype: 3.1.3
    dev: true

  /busboy@1.6.0:
    resolution: {integrity: sha512-8SFQbg/0hQ9xy3UNTB0YEnsNBbWfhf7RtnzpL7TkBiTBRfrQ9Fxcnz7VJsleJpyp6rVLvXiuORqjlHi5q+PYuA==}
    engines: {node: '>=10.16.0'}
    dependencies:
      streamsearch: 1.1.0
    dev: false

  /caniuse-lite@1.0.30001609:
    resolution: {integrity: sha512-JFPQs34lHKx1B5t1EpQpWH4c+29zIyn/haGsbpfq3suuV9v56enjFt23zqijxGTMwy1p/4H2tjnQMY+p1WoAyA==}
    dev: false

  /client-only@0.0.1:
    resolution: {integrity: sha512-IV3Ou0jSMzZrd3pZ48nLkT9DA7Ag1pnPzaiQhpW7c3RbcqqzvzzVu+L8gfqMp/8IM2MQtSiqaCxrrcfu8I8rMA==}
    dev: false

  /csstype@3.1.3:
    resolution: {integrity: sha512-M1uQkMl8rQK/szD0LNhtqxIPLpimGm8sOBwU7lLnCpSbTyY3yeU1Vc7l4KT5zT4s/yOxHH5O7tIuuLOCnLADRw==}
    dev: true

  /graceful-fs@4.2.11:
    resolution: {integrity: sha512-RbJ5/jmFcNNCcDV5o9eTnBLJ/HszWV0P73bc+Ff4nS/rJj+YaS6IGyiOL0VoBYX+l1Wrl3k63h/KrH+nhJ0XvQ==}
    dev: false

  /js-tokens@4.0.0:
    resolution: {integrity: sha512-RdJUflcE3cUzKiMqQgsCu06FPu9UdIJO0beYbPhHN4k6apgJtifcoCtT9bcxOpYBtpD2kCM6Sbzg4CausW/PKQ==}
    dev: false

  /loose-envify@1.4.0:
    resolution: {integrity: sha512-lyuxPGr/Wfhrlem2CL/UcnUc1zcqKAImBDzukY7Y5F/yQiNdko6+fRLevlw1HgMySw7f611UIY408EtxRSoK3Q==}
    hasBin: true
    dependencies:
      js-tokens: 4.0.0
    dev: false

  /nanoid@3.3.7:
    resolution: {integrity: sha512-eSRppjcPIatRIMC1U6UngP8XFcz8MQWGQdt1MTBQ7NaAmvXDfvNxbvWV3x2y6CdEUciCSsDHDQZbhYaB8QEo2g==}
    engines: {node: ^10 || ^12 || ^13.7 || ^14 || >=15.0.1}
    hasBin: true
    dev: false

  /next@14.2.0(react-dom@18.2.0)(react@18.2.0):
    resolution: {integrity: sha512-2T41HqJdKPqheR27ll7MFZ3gtTYvGew7cUc0PwPSyK9Ao5vvwpf9bYfP4V5YBGLckHF2kEGvrLte5BqLSv0s8g==}
    engines: {node: '>=18.17.0'}
    hasBin: true
    peerDependencies:
      '@opentelemetry/api': ^1.1.0
      '@playwright/test': ^1.41.2
      react: ^18.2.0
      react-dom: ^18.2.0
      sass: ^1.3.0
    peerDependenciesMeta:
      '@opentelemetry/api':
        optional: true
      '@playwright/test':
        optional: true
      sass:
        optional: true
    dependencies:
      '@next/env': 14.2.0
      '@swc/helpers': 0.5.5
      busboy: 1.6.0
      caniuse-lite: 1.0.30001609
      graceful-fs: 4.2.11
      postcss: 8.4.31
      react: 18.2.0
      react-dom: 18.2.0(react@18.2.0)
      styled-jsx: 5.1.1(react@18.2.0)
    optionalDependencies:
      '@next/swc-darwin-arm64': 14.2.0
      '@next/swc-darwin-x64': 14.2.0
      '@next/swc-linux-arm64-gnu': 14.2.0
      '@next/swc-linux-arm64-musl': 14.2.0
      '@next/swc-linux-x64-gnu': 14.2.0
      '@next/swc-linux-x64-musl': 14.2.0
      '@next/swc-win32-arm64-msvc': 14.2.0
      '@next/swc-win32-ia32-msvc': 14.2.0
      '@next/swc-win32-x64-msvc': 14.2.0
    transitivePeerDependencies:
      - '@babel/core'
      - babel-plugin-macros
    dev: false

  /picocolors@1.0.0:
    resolution: {integrity: sha512-1fygroTLlHu66zi26VoTDv8yRgm0Fccecssto+MhsZ0D/DGW2sm8E8AjW7NU5VVTRt5GxbeZ5qBuJr+HyLYkjQ==}
    dev: false

  /postcss@8.4.31:
    resolution: {integrity: sha512-PS08Iboia9mts/2ygV3eLpY5ghnUcfLV/EXTOW1E2qYxJKGGBUtNjN76FYHnMs36RmARn41bC0AZmn+rR0OVpQ==}
    engines: {node: ^10 || ^12 || >=14}
    dependencies:
      nanoid: 3.3.7
      picocolors: 1.0.0
      source-map-js: 1.2.0
    dev: false

  /react-dom@18.2.0(react@18.2.0):
    resolution: {integrity: sha512-6IMTriUmvsjHUjNtEDudZfuDQUoWXVxKHhlEGSk81n4YFS+r/Kl99wXiwlVXtPBtJenozv2P+hxDsw9eA7Xo6g==}
    peerDependencies:
      react: ^18.2.0
    dependencies:
      loose-envify: 1.4.0
      react: 18.2.0
      scheduler: 0.23.0
    dev: false

  /react@18.2.0:
    resolution: {integrity: sha512-/3IjMdb2L9QbBdWiW5e3P2/npwMBaU9mHCSCUzNln0ZCYbcfTsGbTJrU/kGemdH2IWmB2ioZ+zkxtmq6g09fGQ==}
    engines: {node: '>=0.10.0'}
    dependencies:
      loose-envify: 1.4.0
    dev: false

  /scheduler@0.23.0:
    resolution: {integrity: sha512-CtuThmgHNg7zIZWAXi3AsyIzA3n4xx7aNyjwC2VJldO2LMVDhFK+63xGqq6CsJH4rTAt6/M+N4GhZiDYPx9eUw==}
    dependencies:
      loose-envify: 1.4.0
    dev: false

  /source-map-js@1.2.0:
    resolution: {integrity: sha512-itJW8lvSA0TXEphiRoawsCksnlf8SyvmFzIhltqAHluXd88pkCd+cXJVHTDwdCr0IzwptSm035IHQktUu1QUMg==}
    engines: {node: '>=0.10.0'}
    dev: false

  /streamsearch@1.1.0:
    resolution: {integrity: sha512-Mcc5wHehp9aXz1ax6bZUyY5afg9u2rv5cqQI3mRrYkGC8rW2hM02jWuwjtL++LS5qinSyhj2QfLyNsuc+VsExg==}
    engines: {node: '>=10.0.0'}
    dev: false

  /styled-jsx@5.1.1(react@18.2.0):
    resolution: {integrity: sha512-pW7uC1l4mBZ8ugbiZrcIsiIvVx1UmTfw7UkC3Um2tmfUq9Bhk8IiyEIPl6F8agHgjzku6j0xQEZbfA5uSgSaCw==}
    engines: {node: '>= 12.0.0'}
    peerDependencies:
      '@babel/core': '*'
      babel-plugin-macros: '*'
      react: '>= 16.8.0 || 17.x.x || ^18.0.0-0'
    peerDependenciesMeta:
      '@babel/core':
        optional: true
      babel-plugin-macros:
        optional: true
    dependencies:
      client-only: 0.0.1
      react: 18.2.0
    dev: false

  /tslib@2.6.2:
    resolution: {integrity: sha512-AEYxH93jGFPn/a2iVAwW87VuUIkR1FVUKB77NwMF7nBTDkDrrT/Hpt/IrCJ0QXhW27jTBDcf5ZY7w6RiqTMw2Q==}
    dev: false

  /typescript@5.4.3:
    resolution: {integrity: sha512-KrPd3PKaCLr78MalgiwJnA25Nm8HAmdwN3mYUYZgG/wizIo9EainNVQI9/yDavtVFRN2h3k8uf3GLHuhDMgEHg==}
    engines: {node: '>=14.17'}
    hasBin: true
    dev: true

  /web-vitals@3.5.2:
    resolution: {integrity: sha512-c0rhqNcHXRkY/ogGDJQxZ9Im9D19hDihbzSQJrsioex+KnFgmMzBiy57Z1EjkhX/+OjyBpclDCzz2ITtjokFmg==}
    dev: false
